
Microsoft Visual Studio Solution File, Format Version 12.00
# Visual Studio Version 17
VisualStudioVersion = 17.8.34330.188
MinimumVisualStudioVersion = 10.0.40219.1
Project("{FAE04EC0-301F-11D3-BF4B-00C04F79EFBC}") = "BagageSorteringWPF", "BagageSorteringWPF\BagageSorteringWPF.csproj", "{C4BAD3C2-0C26-4E8C-BE48-4889C0B02B7F}"
EndProject
Global
	GlobalSection(SolutionConfigurationPlatforms) = preSolution
		Debug|Any CPU = Debug|Any CPU
		Release|Any CPU = Release|Any CPU
	EndGlobalSection
	GlobalSection(ProjectConfigurationPlatforms) = postSolution
		{C4BAD3C2-0C26-4E8C-BE48-4889C0B02B7F}.Debug|Any CPU.ActiveCfg = Debug|Any CPU
		{C4BAD3C2-0C26-4E8C-BE48-4889C0B02B7F}.Debug|Any CPU.Build.0 = Debug|Any CPU
		{C4BAD3C2-0C26-4E8C-BE48-4889C0B02B7F}.Release|Any CPU.ActiveCfg = Release|Any CPU
		{C4BAD3C2-0C26-4E8C-BE48-4889C0B02B7F}.Release|Any CPU.Build.0 = Release|Any CPU
	EndGlobalSection
	GlobalSection(SolutionProperties) = preSolution
		HideSolutionNode = FALSE
	EndGlobalSection
	GlobalSection(ExtensibilityGlobals) = postSolution
		SolutionGuid = {282273D9-C74A-4432-97EC-48FE33855E86}
	EndGlobalSection
EndGlobal
